# THIS IS AN AUTOGENERATED FILE. DO NOT EDIT THIS FILE DIRECTLY.
# yarn lockfile v1


"@types/es6-promise@^3.3.0":
  version "3.3.0"
  resolved "http://registry.npm.alibaba-inc.com/@types/es6-promise/download/@types/es6-promise-3.3.0.tgz#61b55e554fd807b563f158a7986ee53d3a5a5a9d"
  integrity sha1-YbVeVU/YB7Vj8VinmG7lPTpaWp0=
  dependencies:
    es6-promise "*"

es6-promise@*:
  version "4.2.5"
  resolved "http://registry.npm.alibaba-inc.com/es6-promise/download/es6-promise-4.2.5.tgz#da6d0d5692efb461e082c14817fe2427d8f5d054"
  integrity sha1-2m0NVpLvtGHggsFIF/4kJ9j10FQ=

typescript@^3.1.6:
  version "3.1.6"
  resolved "http://registry.npm.alibaba-inc.com/typescript/download/typescript-3.1.6.tgz#b6543a83cfc8c2befb3f4c8fba6896f5b0c9be68"
  integrity sha1-tlQ6g8/Iwr77P0yPumiW9bDJvmg=
